
Microsoft Visual Studio Solution File, Format Version 12.00
Project("{FAE04EC0-301F-11D3-BF4B-00C04F79EFBC}") = "Chapter6Exercises", "Chapter6Exercises\Chapter6Exercises.csproj", "{DA62D60F-38E0-41AF-B088-F01CF1D14B05}"
EndProject
Global
	GlobalSection(SolutionConfigurationPlatforms) = preSolution
		Debug|Any CPU = Debug|Any CPU
		Release|Any CPU = Release|Any CPU
	EndGlobalSection
	GlobalSection(ProjectConfigurationPlatforms) = postSolution
		{DA62D60F-38E0-41AF-B088-F01CF1D14B05}.Debug|Any CPU.ActiveCfg = Debug|Any CPU
		{DA62D60F-38E0-41AF-B088-F01CF1D14B05}.Debug|Any CPU.Build.0 = Debug|Any CPU
		{DA62D60F-38E0-41AF-B088-F01CF1D14B05}.Release|Any CPU.ActiveCfg = Release|Any CPU
		{DA62D60F-38E0-41AF-B088-F01CF1D14B05}.Release|Any CPU.Build.0 = Release|Any CPU
	EndGlobalSection
EndGlobal
