
Microsoft Visual Studio Solution File, Format Version 12.00
Project("{FAE04EC0-301F-11D3-BF4B-00C04F79EFBC}") = "Chapter7Exercises", "Chapter7Exercises\Chapter7Exercises.csproj", "{9539CC9D-AEC7-44CA-9F02-754954B337DF}"
EndProject
Global
	GlobalSection(SolutionConfigurationPlatforms) = preSolution
		Debug|Any CPU = Debug|Any CPU
		Release|Any CPU = Release|Any CPU
	EndGlobalSection
	GlobalSection(ProjectConfigurationPlatforms) = postSolution
		{9539CC9D-AEC7-44CA-9F02-754954B337DF}.Debug|Any CPU.ActiveCfg = Debug|Any CPU
		{9539CC9D-AEC7-44CA-9F02-754954B337DF}.Debug|Any CPU.Build.0 = Debug|Any CPU
		{9539CC9D-AEC7-44CA-9F02-754954B337DF}.Release|Any CPU.ActiveCfg = Release|Any CPU
		{9539CC9D-AEC7-44CA-9F02-754954B337DF}.Release|Any CPU.Build.0 = Release|Any CPU
	EndGlobalSection
EndGlobal
